
Microsoft Visual Studio Solution File, Format Version 12.00
# Visual Studio Version 17
VisualStudioVersion = 17.6.33723.286
MinimumVisualStudioVersion = 10.0.40219.1
Project("{FAE04EC0-301F-11D3-BF4B-00C04F79EFBC}") = "Bai5_63135741", "Bai5_63135741\Bai5_63135741.csproj", "{66542FD7-A4A8-4989-9E20-44279155A197}"
EndProject
Global
	GlobalSection(SolutionConfigurationPlatforms) = preSolution
		Debug|Any CPU = Debug|Any CPU
		Release|Any CPU = Release|Any CPU
	EndGlobalSection
	GlobalSection(ProjectConfigurationPlatforms) = postSolution
		{66542FD7-A4A8-4989-9E20-44279155A197}.Debug|Any CPU.ActiveCfg = Debug|Any CPU
		{66542FD7-A4A8-4989-9E20-44279155A197}.Debug|Any CPU.Build.0 = Debug|Any CPU
		{66542FD7-A4A8-4989-9E20-44279155A197}.Release|Any CPU.ActiveCfg = Release|Any CPU
		{66542FD7-A4A8-4989-9E20-44279155A197}.Release|Any CPU.Build.0 = Release|Any CPU
	EndGlobalSection
	GlobalSection(SolutionProperties) = preSolution
		HideSolutionNode = FALSE
	EndGlobalSection
	GlobalSection(ExtensibilityGlobals) = postSolution
		SolutionGuid = {87829244-B6D3-47AE-AD47-799A1239F46A}
	EndGlobalSection
EndGlobal
