
Microsoft Visual Studio Solution File, Format Version 12.00
# Visual Studio Version 17
VisualStudioVersion = 17.6.33723.286
MinimumVisualStudioVersion = 10.0.40219.1
Project("{FAE04EC0-301F-11D3-BF4B-00C04F79EFBC}") = "Bai6_63135741", "Bai6_63135741\Bai6_63135741.csproj", "{F77323C2-5797-415D-8B0F-F3E6674F3940}"
EndProject
Global
	GlobalSection(SolutionConfigurationPlatforms) = preSolution
		Debug|Any CPU = Debug|Any CPU
		Release|Any CPU = Release|Any CPU
	EndGlobalSection
	GlobalSection(ProjectConfigurationPlatforms) = postSolution
		{F77323C2-5797-415D-8B0F-F3E6674F3940}.Debug|Any CPU.ActiveCfg = Debug|Any CPU
		{F77323C2-5797-415D-8B0F-F3E6674F3940}.Debug|Any CPU.Build.0 = Debug|Any CPU
		{F77323C2-5797-415D-8B0F-F3E6674F3940}.Release|Any CPU.ActiveCfg = Release|Any CPU
		{F77323C2-5797-415D-8B0F-F3E6674F3940}.Release|Any CPU.Build.0 = Release|Any CPU
	EndGlobalSection
	GlobalSection(SolutionProperties) = preSolution
		HideSolutionNode = FALSE
	EndGlobalSection
	GlobalSection(ExtensibilityGlobals) = postSolution
		SolutionGuid = {D910F574-EBDA-4DD3-A865-84BAE58EA7D2}
	EndGlobalSection
EndGlobal
