
Microsoft Visual Studio Solution File, Format Version 12.00
# Visual Studio Version 17
VisualStudioVersion = 17.6.33723.286
MinimumVisualStudioVersion = 10.0.40219.1
Project("{FAE04EC0-301F-11D3-BF4B-00C04F79EFBC}") = "Bai3_63135741", "Bai3_63135741\Bai3_63135741.csproj", "{62C17B00-28A1-4FC7-BD49-9CF565E81722}"
EndProject
Global
	GlobalSection(SolutionConfigurationPlatforms) = preSolution
		Debug|Any CPU = Debug|Any CPU
		Release|Any CPU = Release|Any CPU
	EndGlobalSection
	GlobalSection(ProjectConfigurationPlatforms) = postSolution
		{62C17B00-28A1-4FC7-BD49-9CF565E81722}.Debug|Any CPU.ActiveCfg = Debug|Any CPU
		{62C17B00-28A1-4FC7-BD49-9CF565E81722}.Debug|Any CPU.Build.0 = Debug|Any CPU
		{62C17B00-28A1-4FC7-BD49-9CF565E81722}.Release|Any CPU.ActiveCfg = Release|Any CPU
		{62C17B00-28A1-4FC7-BD49-9CF565E81722}.Release|Any CPU.Build.0 = Release|Any CPU
	EndGlobalSection
	GlobalSection(SolutionProperties) = preSolution
		HideSolutionNode = FALSE
	EndGlobalSection
	GlobalSection(ExtensibilityGlobals) = postSolution
		SolutionGuid = {C9BFB967-9A70-4886-8086-5EB12AA8DF6A}
	EndGlobalSection
EndGlobal
